<?xml version="1.0" encoding="UTF-8" standalone="yes" ?>
<CodeBlocks_project_file>
	<FileVersion major="1" minor="6" />
	<Project>
		<Option title="T1" />
		<Option pch_mode="2" />
		<Option compiler="gcc" />
		<Build>
			<Target title="Debug">
				<Option output="bin/Debug/T1" prefix_auto="1" extension_auto="1" />
				<Option object_output="obj/Debug/" />
				<Option type="1" />
				<Option compiler="gcc" />
				<Compiler>
					<Add option="-g" />
				</Compiler>
			</Target>
			<Target title="Release">
				<Option output="bin/Release/T1" prefix_auto="1" extension_auto="1" />
				<Option object_output="obj/Release/" />
				<Option type="1" />
				<Option compiler="gcc" />
				<Compiler>
					<Add option="-O2" />
				</Compiler>
				<Linker>
					<Add option="-s" />
				</Linker>
			</Target>
		</Build>
		<Compiler>
			<Add option="-Wall" />
			<Add option="-fexceptions" />
		</Compiler>
		<Unit filename="T1.cbp" />
		<Unit filename="T1.layout" />
		<Unit filename="TP1_LAPROII_17.1.pdf" />
		<Unit filename="a.out" />
		<Unit filename="ajudatrabalo.txt" />
		<Unit filename="atividades.txt" />
		<Unit filename="contatos.cpp" />
		<Unit filename="contatos.h" />
		<Unit filename="contatos.rtf" />
		<Unit filename="contatos.txt" />
		<Unit filename="interesses.cpp" />
		<Unit filename="interesses.h" />
		<Unit filename="listaatv.cpp" />
		<Unit filename="listaatv.h" />
		<Unit filename="main.cpp" />
		<Unit filename="menu.cpp" />
		<Unit filename="menu.h" />
		<Unit filename="pessoa.cpp" />
		<Unit filename="pessoa.h" />
		<Unit filename="rede.dot" />
		<Unit filename="rede.txt" />
		<Unit filename="testeleitura" />
		<Extensions>
			<code_completion />
			<envvars />
			<debugger />
		</Extensions>
	</Project>
</CodeBlocks_project_file>
